
Microsoft Visual Studio Solution File, Format Version 12.00
# Visual Studio Version 17
VisualStudioVersion = 17.1.32328.378
MinimumVisualStudioVersion = 10.0.40219.1
Project("{FAE04EC0-301F-11D3-BF4B-00C04F79EFBC}") = "datatable", "datatable\datatable.csproj", "{0194F904-FFD5-4D78-99A6-9283B75876DB}"
EndProject
Global
	GlobalSection(SolutionConfigurationPlatforms) = preSolution
		Debug|Any CPU = Debug|Any CPU
		Release|Any CPU = Release|Any CPU
	EndGlobalSection
	GlobalSection(ProjectConfigurationPlatforms) = postSolution
		{0194F904-FFD5-4D78-99A6-9283B75876DB}.Debug|Any CPU.ActiveCfg = Debug|Any CPU
		{0194F904-FFD5-4D78-99A6-9283B75876DB}.Debug|Any CPU.Build.0 = Debug|Any CPU
		{0194F904-FFD5-4D78-99A6-9283B75876DB}.Release|Any CPU.ActiveCfg = Release|Any CPU
		{0194F904-FFD5-4D78-99A6-9283B75876DB}.Release|Any CPU.Build.0 = Release|Any CPU
	EndGlobalSection
	GlobalSection(SolutionProperties) = preSolution
		HideSolutionNode = FALSE
	EndGlobalSection
	GlobalSection(ExtensibilityGlobals) = postSolution
		SolutionGuid = {C8394B9E-6F59-4BD0-8E52-6C398BEA7817}
	EndGlobalSection
EndGlobal
